// !$*UTF8*$!
{
	archiveVersion = 1;
	classes = {
	};
	objectVersion = 46;
	objects = {

/* Begin PBXBuildFile section */
		2DEEFE1E1BC54C5C00C05780 /* AppDelegate.swift in Sources */ = {isa = PBXBuildFile; fileRef = 2DEEFE1D1BC54C5C00C05780 /* AppDelegate.swift */; };
		2DEEFE201BC54C5C00C05780 /* ViewController.swift in Sources */ = {isa = PBXBuildFile; fileRef = 2DEEFE1F1BC54C5C00C05780 /* ViewController.swift */; };
		2DEEFE231BC54C5C00C05780 /* Main.storyboard in Resources */ = {isa = PBXBuildFile; fileRef = 2DEEFE211BC54C5C00C05780 /* Main.storyboard */; };
		2DEEFE261BC54C5C00C05780 /* Coffee_time.xcdatamodeld in Sources */ = {isa = PBXBuildFile; fileRef = 2DEEFE241BC54C5C00C05780 /* Coffee_time.xcdatamodeld */; };
		2DEEFE281BC54C5C00C05780 /* Assets.xcassets in Resources */ = {isa = PBXBuildFile; fileRef = 2DEEFE271BC54C5C00C05780 /* Assets.xcassets */; };
		2DEEFE2B1BC54C5C00C05780 /* LaunchScreen.storyboard in Resources */ = {isa = PBXBuildFile; fileRef = 2DEEFE291BC54C5C00C05780 /* LaunchScreen.storyboard */; };
		2DFD076E1BDCD2050086053B /* RestClient.swift in Sources */ = {isa = PBXBuildFile; fileRef = 2DFD076D1BDCD2050086053B /* RestClient.swift */; };
		CDD8E1EAE4B7FBFA401E93AC /* libPods.a in Frameworks */ = {isa = PBXBuildFile; fileRef = C596BF931162EF4F1EBAC1A8 /* libPods.a */; };
/* End PBXBuildFile section */

/* Begin PBXFileReference section */
		2D4DDB201BD3B8C000B26B7D /* Coffee time-Bridging-Header.h */ = {isa = PBXFileReference; lastKnownFileType = sourcecode.c.h; path = "Coffee time-Bridging-Header.h"; sourceTree = "<group>"; };
		2DEEFE1A1BC54C5C00C05780 /* Coffee time.app */ = {isa = PBXFileReference; explicitFileType = wrapper.application; includeInIndex = 0; path = "Coffee time.app"; sourceTree = BUILT_PRODUCTS_DIR; };
		2DEEFE1D1BC54C5C00C05780 /* AppDelegate.swift */ = {isa = PBXFileReference; lastKnownFileType = sourcecode.swift; path = AppDelegate.swift; sourceTree = "<group>"; };
		2DEEFE1F1BC54C5C00C05780 /* ViewController.swift */ = {isa = PBXFileReference; lastKnownFileType = sourcecode.swift; path = ViewController.swift; sourceTree = "<group>"; };
		2DEEFE221BC54C5C00C05780 /* Base */ = {isa = PBXFileReference; lastKnownFileType = file.storyboard; name = Base; path = Base.lproj/Main.storyboard; sourceTree = "<group>"; };
		2DEEFE251BC54C5C00C05780 /* Coffee_time.xcdatamodel */ = {isa = PBXFileReference; lastKnownFileType = wrapper.xcdatamodel; path = Coffee_time.xcdatamodel; sourceTree = "<group>"; };
		2DEEFE271BC54C5C00C05780 /* Assets.xcassets */ = {isa = PBXFileReference; lastKnownFileType = folder.assetcatalog; path = Assets.xcassets; sourceTree = "<group>"; };
		2DEEFE2A1BC54C5C00C05780 /* Base */ = {isa = PBXFileReference; lastKnownFileType = file.storyboard; name = Base; path = Base.lproj/LaunchScreen.storyboard; sourceTree = "<group>"; };
		2DEEFE2C1BC54C5C00C05780 /* Info.plist */ = {isa = PBXFileReference; lastKnownFileType = text.plist.xml; path = Info.plist; sourceTree = "<group>"; };
		2DEEFE351BC54C5C00C05780 /* Coffee_timeTests.swift */ = {isa = PBXFileReference; lastKnownFileType = sourcecode.swift; path = Coffee_timeTests.swift; sourceTree = "<group>"; };
		2DEEFE371BC54C5C00C05780 /* Info.plist */ = {isa = PBXFileReference; lastKnownFileType = text.plist.xml; path = Info.plist; sourceTree = "<group>"; };
		2DEEFE401BC54C5C00C05780 /* Coffee_timeUITests.swift */ = {isa = PBXFileReference; lastKnownFileType = sourcecode.swift; path = Coffee_timeUITests.swift; sourceTree = "<group>"; };
		2DEEFE421BC54C5C00C05780 /* Info.plist */ = {isa = PBXFileReference; lastKnownFileType = text.plist.xml; path = Info.plist; sourceTree = "<group>"; };
		2DFD076D1BDCD2050086053B /* RestClient.swift */ = {isa = PBXFileReference; fileEncoding = 4; lastKnownFileType = sourcecode.swift; path = RestClient.swift; sourceTree = "<group>"; };
		9D7F719A72D9A04102088B46 /* Pods.release.xcconfig */ = {isa = PBXFileReference; includeInIndex = 1; lastKnownFileType = text.xcconfig; name = Pods.release.xcconfig; path = "Pods/Target Support Files/Pods/Pods.release.xcconfig"; sourceTree = "<group>"; };
		C596BF931162EF4F1EBAC1A8 /* libPods.a */ = {isa = PBXFileReference; explicitFileType = archive.ar; includeInIndex = 0; path = libPods.a; sourceTree = BUILT_PRODUCTS_DIR; };
		EE47BD9976EA5A3FD1866432 /* Pods.debug.xcconfig */ = {isa = PBXFileReference; includeInIndex = 1; lastKnownFileType = text.xcconfig; name = Pods.debug.xcconfig; path = "Pods/Target Support Files/Pods/Pods.debug.xcconfig"; sourceTree = "<group>"; };
/* End PBXFileReference section */

/* Begin PBXFrameworksBuildPhase section */
		2DEEFE171BC54C5C00C05780 /* Frameworks */ = {
			isa = PBXFrameworksBuildPhase;
			buildActionMask = 2147483647;
			files = (
				CDD8E1EAE4B7FBFA401E93AC /* libPods.a in Frameworks */,
			);
			runOnlyForDeploymentPostprocessing = 0;
		};
/* End PBXFrameworksBuildPhase section */

/* Begin PBXGroup section */
		14A9029171D3201005B75B6B /* Pods */ = {
			isa = PBXGroup;
			children = (
				EE47BD9976EA5A3FD1866432 /* Pods.debug.xcconfig */,
				9D7F719A72D9A04102088B46 /* Pods.release.xcconfig */,
			);
			name = Pods;
			sourceTree = "<group>";
		};
		2DEEFE111BC54C5C00C05780 = {
			isa = PBXGroup;
			children = (
				2DEEFE1C1BC54C5C00C05780 /* Coffee time */,
				2DEEFE341BC54C5C00C05780 /* Coffee timeTests */,
				2DEEFE3F1BC54C5C00C05780 /* Coffee timeUITests */,
				2DEEFE1B1BC54C5C00C05780 /* Products */,
				14A9029171D3201005B75B6B /* Pods */,
				3116F6B6FFB49B7324754B09 /* Frameworks */,
			);
			sourceTree = "<group>";
		};
		2DEEFE1B1BC54C5C00C05780 /* Products */ = {
			isa = PBXGroup;
			children = (
				2DEEFE1A1BC54C5C00C05780 /* Coffee time.app */,
			);
			name = Products;
			sourceTree = "<group>";
		};
		2DEEFE1C1BC54C5C00C05780 /* Coffee time */ = {
			isa = PBXGroup;
			children = (
				2DFD076C1BDCD1FC0086053B /* shared */,
				2DFD076B1BDCD1F00086053B /* controller */,
				2DFD076A1BDCD1E90086053B /* view */,
				2DFD07691BDCD1E30086053B /* model */,
				2DEEFE1D1BC54C5C00C05780 /* AppDelegate.swift */,
				2DEEFE1F1BC54C5C00C05780 /* ViewController.swift */,
				2DEEFE211BC54C5C00C05780 /* Main.storyboard */,
				2DEEFE271BC54C5C00C05780 /* Assets.xcassets */,
				2DEEFE291BC54C5C00C05780 /* LaunchScreen.storyboard */,
				2DEEFE2C1BC54C5C00C05780 /* Info.plist */,
				2DEEFE241BC54C5C00C05780 /* Coffee_time.xcdatamodeld */,
				2D4DDB201BD3B8C000B26B7D /* Coffee time-Bridging-Header.h */,
			);
			path = "Coffee time";
			sourceTree = "<group>";
		};
		2DEEFE341BC54C5C00C05780 /* Coffee timeTests */ = {
			isa = PBXGroup;
			children = (
				2DEEFE351BC54C5C00C05780 /* Coffee_timeTests.swift */,
				2DEEFE371BC54C5C00C05780 /* Info.plist */,
			);
			path = "Coffee timeTests";
			sourceTree = "<group>";
		};
		2DEEFE3F1BC54C5C00C05780 /* Coffee timeUITests */ = {
			isa = PBXGroup;
			children = (
				2DEEFE401BC54C5C00C05780 /* Coffee_timeUITests.swift */,
				2DEEFE421BC54C5C00C05780 /* Info.plist */,
			);
			path = "Coffee timeUITests";
			sourceTree = "<group>";
		};
		2DFD07691BDCD1E30086053B /* model */ = {
			isa = PBXGroup;
			children = (
			);
			name = model;
			sourceTree = "<group>";
		};
		2DFD076A1BDCD1E90086053B /* view */ = {
			isa = PBXGroup;
			children = (
			);
			name = view;
			sourceTree = "<group>";
		};
		2DFD076B1BDCD1F00086053B /* controller */ = {
			isa = PBXGroup;
			children = (
			);
			name = controller;
			sourceTree = "<group>";
		};
		2DFD076C1BDCD1FC0086053B /* shared */ = {
			isa = PBXGroup;
			children = (
				2DFD076D1BDCD2050086053B /* RestClient.swift */,
			);
			name = shared;
			sourceTree = "<group>";
		};
		3116F6B6FFB49B7324754B09 /* Frameworks */ = {
			isa = PBXGroup;
			children = (
				C596BF931162EF4F1EBAC1A8 /* libPods.a */,
			);
			name = Frameworks;
			sourceTree = "<group>";
		};
/* End PBXGroup section */

/* Begin PBXNativeTarget section */
		2DEEFE191BC54C5C00C05780 /* Coffee time */ = {
			isa = PBXNativeTarget;
			buildConfigurationList = 2DEEFE451BC54C5C00C05780 /* Build configuration list for PBXNativeTarget "Coffee time" */;
			buildPhases = (
				B1ED7F97C358EFFBFB876888 /* Check Pods Manifest.lock */,
				2DEEFE161BC54C5C00C05780 /* Sources */,
				2DEEFE171BC54C5C00C05780 /* Frameworks */,
				2DEEFE181BC54C5C00C05780 /* Resources */,
				B519DA4B7832281768887885 /* Embed Pods Frameworks */,
				7A0E957B64BDF74EE592C3FE /* Copy Pods Resources */,
			);
			buildRules = (
			);
			dependencies = (
			);
			name = "Coffee time";
			productName = "Coffee time";
			productReference = 2DEEFE1A1BC54C5C00C05780 /* Coffee time.app */;
			productType = "com.apple.product-type.application";
		};
/* End PBXNativeTarget section */

/* Begin PBXProject section */
		2DEEFE121BC54C5C00C05780 /* Project object */ = {
			isa = PBXProject;
			attributes = {
				LastSwiftUpdateCheck = 0700;
				LastUpgradeCheck = 0700;
				ORGANIZATIONNAME = "Jakub Dubrovsky";
				TargetAttributes = {
					2DEEFE191BC54C5C00C05780 = {
						CreatedOnToolsVersion = 7.0;
						DevelopmentTeam = BA9C8TYC7C;
						SystemCapabilities = {
							com.apple.BackgroundModes = {
								enabled = 1;
							};
							com.apple.Push = {
								enabled = 1;
							};
						};
					};
				};
			};
			buildConfigurationList = 2DEEFE151BC54C5C00C05780 /* Build configuration list for PBXProject "Coffee time" */;
			compatibilityVersion = "Xcode 3.2";
			developmentRegion = English;
			hasScannedForEncodings = 0;
			knownRegions = (
				en,
				Base,
			);
			mainGroup = 2DEEFE111BC54C5C00C05780;
			productRefGroup = 2DEEFE1B1BC54C5C00C05780 /* Products */;
			projectDirPath = "";
			projectRoot = "";
			targets = (
				2DEEFE191BC54C5C00C05780 /* Coffee time */,
			);
		};
/* End PBXProject section */

/* Begin PBXResourcesBuildPhase section */
		2DEEFE181BC54C5C00C05780 /* Resources */ = {
			isa = PBXResourcesBuildPhase;
			buildActionMask = 2147483647;
			files = (
				2DEEFE2B1BC54C5C00C05780 /* LaunchScreen.storyboard in Resources */,
				2DEEFE281BC54C5C00C05780 /* Assets.xcassets in Resources */,
				2DEEFE231BC54C5C00C05780 /* Main.storyboard in Resources */,
			);
			runOnlyForDeploymentPostprocessing = 0;
		};
/* End PBXResourcesBuildPhase section */

/* Begin PBXShellScriptBuildPhase section */
		7A0E957B64BDF74EE592C3FE /* Copy Pods Resources */ = {
			isa = PBXShellScriptBuildPhase;
			buildActionMask = 2147483647;
			files = (
			);
			inputPaths = (
			);
			name = "Copy Pods Resources";
			outputPaths = (
			);
			runOnlyForDeploymentPostprocessing = 0;
			shellPath = /bin/sh;
			shellScript = "\"${SRCROOT}/Pods/Target Support Files/Pods/Pods-resources.sh\"\n";
			showEnvVarsInLog = 0;
		};
		B1ED7F97C358EFFBFB876888 /* Check Pods Manifest.lock */ = {
			isa = PBXShellScriptBuildPhase;
			buildActionMask = 2147483647;
			files = (
			);
			inputPaths = (
			);
			name = "Check Pods Manifest.lock";
			outputPaths = (
			);
			runOnlyForDeploymentPostprocessing = 0;
			shellPath = /bin/sh;
			shellScript = "diff \"${PODS_ROOT}/../Podfile.lock\" \"${PODS_ROOT}/Manifest.lock\" > /dev/null\nif [[ $? != 0 ]] ; then\n    cat << EOM\nerror: The sandbox is not in sync with the Podfile.lock. Run 'pod install' or update your CocoaPods installation.\nEOM\n    exit 1\nfi\n";
			showEnvVarsInLog = 0;
		};
		B519DA4B7832281768887885 /* Embed Pods Frameworks */ = {
			isa = PBXShellScriptBuildPhase;
			buildActionMask = 2147483647;
			files = (
			);
			inputPaths = (
			);
			name = "Embed Pods Frameworks";
			outputPaths = (
			);
			runOnlyForDeploymentPostprocessing = 0;
			shellPath = /bin/sh;
			shellScript = "\"${SRCROOT}/Pods/Target Support Files/Pods/Pods-frameworks.sh\"\n";
			showEnvVarsInLog = 0;
		};
/* End PBXShellScriptBuildPhase section */

/* Begin PBXSourcesBuildPhase section */
		2DEEFE161BC54C5C00C05780 /* Sources */ = {
			isa = PBXSourcesBuildPhase;
			buildActionMask = 2147483647;
			files = (
				2DFD076E1BDCD2050086053B /* RestClient.swift in Sources */,
				2DEEFE261BC54C5C00C05780 /* Coffee_time.xcdatamodeld in Sources */,
				2DEEFE201BC54C5C00C05780 /* ViewController.swift in Sources */,
				2DEEFE1E1BC54C5C00C05780 /* AppDelegate.swift in Sources */,
			);
			runOnlyForDeploymentPostprocessing = 0;
		};
/* End PBXSourcesBuildPhase section */

/* Begin PBXVariantGroup section */
		2DEEFE211BC54C5C00C05780 /* Main.storyboard */ = {
			isa = PBXVariantGroup;
			children = (
				2DEEFE221BC54C5C00C05780 /* Base */,
			);
			name = Main.storyboard;
			sourceTree = "<group>";
		};
		2DEEFE291BC54C5C00C05780 /* LaunchScreen.storyboard */ = {
			isa = PBXVariantGroup;
			children = (
				2DEEFE2A1BC54C5C00C05780 /* Base */,
			);
			name = LaunchScreen.storyboard;
			sourceTree = "<group>";
		};
/* End PBXVariantGroup section */

/* Begin XCBuildConfiguration section */
		2DEEFE431BC54C5C00C05780 /* Debug */ = {
			isa = XCBuildConfiguration;
			buildSettings = {
				ALWAYS_SEARCH_USER_PATHS = NO;
				CLANG_CXX_LANGUAGE_STANDARD = "gnu++0x";
				CLANG_CXX_LIBRARY = "libc++";
				CLANG_ENABLE_MODULES = YES;
				CLANG_ENABLE_OBJC_ARC = YES;
				CLANG_WARN_BOOL_CONVERSION = YES;
				CLANG_WARN_CONSTANT_CONVERSION = YES;
				CLANG_WARN_DIRECT_OBJC_ISA_USAGE = YES_ERROR;
				CLANG_WARN_EMPTY_BODY = YES;
				CLANG_WARN_ENUM_CONVERSION = YES;
				CLANG_WARN_INT_CONVERSION = YES;
				CLANG_WARN_OBJC_ROOT_CLASS = YES_ERROR;
				CLANG_WARN_UNREACHABLE_CODE = YES;
				CLANG_WARN__DUPLICATE_METHOD_MATCH = YES;
				"CODE_SIGN_IDENTITY[sdk=iphoneos*]" = "iPhone Developer";
				COPY_PHASE_STRIP = NO;
				DEBUG_INFORMATION_FORMAT = dwarf;
				ENABLE_STRICT_OBJC_MSGSEND = YES;
				ENABLE_TESTABILITY = YES;
				GCC_C_LANGUAGE_STANDARD = gnu99;
				GCC_DYNAMIC_NO_PIC = NO;
				GCC_NO_COMMON_BLOCKS = YES;
				GCC_OPTIMIZATION_LEVEL = 0;
				GCC_PREPROCESSOR_DEFINITIONS = (
					"DEBUG=1",
					"$(inherited)",
				);
				GCC_WARN_64_TO_32_BIT_CONVERSION = YES;
				GCC_WARN_ABOUT_RETURN_TYPE = YES_ERROR;
				GCC_WARN_UNDECLARED_SELECTOR = YES;
				GCC_WARN_UNINITIALIZED_AUTOS = YES_AGGRESSIVE;
				GCC_WARN_UNUSED_FUNCTION = YES;
				GCC_WARN_UNUSED_VARIABLE = YES;
				IPHONEOS_DEPLOYMENT_TARGET = 9.0;
				MTL_ENABLE_DEBUG_INFO = YES;
				ONLY_ACTIVE_ARCH = YES;
				SDKROOT = iphoneos;
				SWIFT_OPTIMIZATION_LEVEL = "-Onone";
				TARGETED_DEVICE_FAMILY = "1,2";
			};
			name = Debug;
		};
		2DEEFE441BC54C5C00C05780 /* Release */ = {
			isa = XCBuildConfiguration;
			buildSettings = {
				ALWAYS_SEARCH_USER_PATHS = NO;
				CLANG_CXX_LANGUAGE_STANDARD = "gnu++0x";
				CLANG_CXX_LIBRARY = "libc++";
				CLANG_ENABLE_MODULES = YES;
				CLANG_ENABLE_OBJC_ARC = YES;
				CLANG_WARN_BOOL_CONVERSION = YES;
				CLANG_WARN_CONSTANT_CONVERSION = YES;
				CLANG_WARN_DIRECT_OBJC_ISA_USAGE = YES_ERROR;
				CLANG_WARN_EMPTY_BODY = YES;
				CLANG_WARN_ENUM_CONVERSION = YES;
				CLANG_WARN_INT_CONVERSION = YES;
				CLANG_WARN_OBJC_ROOT_CLASS = YES_ERROR;
				CLANG_WARN_UNREACHABLE_CODE = YES;
				CLANG_WARN__DUPLICATE_METHOD_MATCH = YES;
				"CODE_SIGN_IDENTITY[sdk=iphoneos*]" = "iPhone Developer";
				COPY_PHASE_STRIP = NO;
				DEBUG_INFORMATION_FORMAT = "dwarf-with-dsym";
				ENABLE_NS_ASSERTIONS = NO;
				ENABLE_STRICT_OBJC_MSGSEND = YES;
				GCC_C_LANGUAGE_STANDARD = gnu99;
				GCC_NO_COMMON_BLOCKS = YES;
				GCC_WARN_64_TO_32_BIT_CONVERSION = YES;
				GCC_WARN_ABOUT_RETURN_TYPE = YES_ERROR;
				GCC_WARN_UNDECLARED_SELECTOR = YES;
				GCC_WARN_UNINITIALIZED_AUTOS = YES_AGGRESSIVE;
				GCC_WARN_UNUSED_FUNCTION = YES;
				GCC_WARN_UNUSED_VARIABLE = YES;
				IPHONEOS_DEPLOYMENT_TARGET = 9.0;
				MTL_ENABLE_DEBUG_INFO = NO;
				SDKROOT = iphoneos;
				TARGETED_DEVICE_FAMILY = "1,2";
				VALIDATE_PRODUCT = YES;
			};
			name = Release;
		};
		2DEEFE461BC54C5C00C05780 /* Debug */ = {
			isa = XCBuildConfiguration;
			baseConfigurationReference = EE47BD9976EA5A3FD1866432 /* Pods.debug.xcconfig */;
			buildSettings = {
				ASSETCATALOG_COMPILER_APPICON_NAME = AppIcon;
				CLANG_ENABLE_MODULES = YES;
				CODE_SIGN_IDENTITY = "iPhone Developer";
				INFOPLIST_FILE = "Coffee time/Info.plist";
				LD_RUNPATH_SEARCH_PATHS = "$(inherited) @executable_path/Frameworks";
				PRODUCT_BUNDLE_IDENTIFIER = "cz.csas.Coffee-time";
				PRODUCT_NAME = "$(TARGET_NAME)";
				SWIFT_OBJC_BRIDGING_HEADER = "Coffee time/Coffee time-Bridging-Header.h";
				SWIFT_OPTIMIZATION_LEVEL = "-Onone";
			};
			name = Debug;
		};
		2DEEFE471BC54C5C00C05780 /* Release */ = {
			isa = XCBuildConfiguration;
			baseConfigurationReference = 9D7F719A72D9A04102088B46 /* Pods.release.xcconfig */;
			buildSettings = {
				ASSETCATALOG_COMPILER_APPICON_NAME = AppIcon;
				CLANG_ENABLE_MODULES = YES;
				CODE_SIGN_IDENTITY = "iPhone Developer";
				INFOPLIST_FILE = "Coffee time/Info.plist";
				LD_RUNPATH_SEARCH_PATHS = "$(inherited) @executable_path/Frameworks";
				PRODUCT_BUNDLE_IDENTIFIER = "cz.csas.Coffee-time";
				PRODUCT_NAME = "$(TARGET_NAME)";
				SWIFT_OBJC_BRIDGING_HEADER = "Coffee time/Coffee time-Bridging-Header.h";
			};
			name = Release;
		};
/* End XCBuildConfiguration section */

/* Begin XCConfigurationList section */
		2DEEFE151BC54C5C00C05780 /* Build configuration list for PBXProject "Coffee time" */ = {
			isa = XCConfigurationList;
			buildConfigurations = (
				2DEEFE431BC54C5C00C05780 /* Debug */,
				2DEEFE441BC54C5C00C05780 /* Release */,
			);
			defaultConfigurationIsVisible = 0;
			defaultConfigurationName = Release;
		};
		2DEEFE451BC54C5C00C05780 /* Build configuration list for PBXNativeTarget "Coffee time" */ = {
			isa = XCConfigurationList;
			buildConfigurations = (
				2DEEFE461BC54C5C00C05780 /* Debug */,
				2DEEFE471BC54C5C00C05780 /* Release */,
			);
			defaultConfigurationIsVisible = 0;
			defaultConfigurationName = Release;
		};
/* End XCConfigurationList section */

/* Begin XCVersionGroup section */
		2DEEFE241BC54C5C00C05780 /* Coffee_time.xcdatamodeld */ = {
			isa = XCVersionGroup;
			children = (
				2DEEFE251BC54C5C00C05780 /* Coffee_time.xcdatamodel */,
			);
			currentVersion = 2DEEFE251BC54C5C00C05780 /* Coffee_time.xcdatamodel */;
			path = Coffee_time.xcdatamodeld;
			sourceTree = "<group>";
			versionGroupType = wrapper.xcdatamodel;
		};
/* End XCVersionGroup section */
	};
	rootObject = 2DEEFE121BC54C5C00C05780 /* Project object */;
}
